{
  "version": 4,
  "terraform_version": "1.3.0",
  "serial": 50,
  "lineage": "bd738847-cc6f-ea64-c711-705173d885b2",
  "outputs": {},
  "resources": [
    {
      "module": "module.workflow_configure_helm_release",
      "mode": "data",
      "type": "github_repositories",
      "name": "this",
      "provider": "provider[\"registry.terraform.io/integrations/github\"]",
      "instances": [
        {
          "index_key": "helm-release github-flow",
          "schema_version": 0,
          "attributes": {
            "full_names": [
              "nodis-com-br/sc_email_forward",
              "nodis-com-br/sc_email_report",
              "nodis-com-br/discord_bot_api"
            ],
            "id": "helm-release github-flow in:topics org:nodis-com-br archived:false",
            "names": [
              "sc_email_forward",
              "sc_email_report",
              "discord_bot_api"
            ],
            "query": "helm-release github-flow in:topics org:nodis-com-br archived:false",
            "sort": "updated"
          },
          "sensitive_attributes": []
        }
      ]
    },
    {
      "module": "module.workflow_configure_helm_release",
      "mode": "data",
      "type": "github_repository",
      "name": "this",
      "provider": "provider[\"registry.terraform.io/integrations/github\"]",
      "instances": [
        {
          "index_key": "discord_bot_api",
          "schema_version": 0,
          "attributes": {
            "allow_auto_merge": false,
            "allow_merge_commit": true,
            "allow_rebase_merge": true,
            "allow_squash_merge": true,
            "archived": false,
            "branches": [
              {
                "name": "master",
                "protected": false
              },
              {
                "name": "workflow-test",
                "protected": false
              }
            ],
            "default_branch": "master",
            "description": "",
            "full_name": "nodis-com-br/discord_bot_api",
            "git_clone_url": "git://github.com/nodis-com-br/discord_bot_api.git",
            "has_downloads": true,
            "has_issues": true,
            "has_projects": false,
            "has_wiki": true,
            "homepage_url": "",
            "html_url": "https://github.com/nodis-com-br/discord_bot_api",
            "http_clone_url": "https://github.com/nodis-com-br/discord_bot_api.git",
            "id": "discord_bot_api",
            "name": "discord_bot_api",
            "node_id": "R_kgDOHHZBeg",
            "only_protected_branches": false,
            "pages": [],
            "private": true,
            "repo_id": 477512058,
            "ssh_clone_url": "git@github.com:nodis-com-br/discord_bot_api.git",
            "svn_url": "https://github.com/nodis-com-br/discord_bot_api",
            "topics": [
              "bots-app",
              "github-flow",
              "helm-release"
            ],
            "visibility": "private"
          },
          "sensitive_attributes": []
        },
        {
          "index_key": "sc_email_forward",
          "schema_version": 0,
          "attributes": {
            "allow_auto_merge": false,
            "allow_merge_commit": true,
            "allow_rebase_merge": true,
            "allow_squash_merge": true,
            "archived": false,
            "branches": [
              {
                "name": "develop",
                "protected": false
              },
              {
                "name": "master",
                "protected": false
              }
            ],
            "default_branch": "master",
            "description": "Automação e-mails comunicação SC.",
            "full_name": "nodis-com-br/sc_email_forward",
            "git_clone_url": "git://github.com/nodis-com-br/sc_email_forward.git",
            "has_downloads": true,
            "has_issues": true,
            "has_projects": false,
            "has_wiki": true,
            "homepage_url": "",
            "html_url": "https://github.com/nodis-com-br/sc_email_forward",
            "http_clone_url": "https://github.com/nodis-com-br/sc_email_forward.git",
            "id": "sc_email_forward",
            "name": "sc_email_forward",
            "node_id": "R_kgDOHGt9Vg",
            "only_protected_branches": false,
            "pages": [],
            "private": true,
            "repo_id": 476806486,
            "ssh_clone_url": "git@github.com:nodis-com-br/sc_email_forward.git",
            "svn_url": "https://github.com/nodis-com-br/sc_email_forward",
            "topics": [
              "github-flow",
              "helm-release"
            ],
            "visibility": "private"
          },
          "sensitive_attributes": []
        },
        {
          "index_key": "sc_email_report",
          "schema_version": 0,
          "attributes": {
            "allow_auto_merge": false,
            "allow_merge_commit": true,
            "allow_rebase_merge": true,
            "allow_squash_merge": true,
            "archived": false,
            "branches": [
              {
                "name": "master",
                "protected": false
              }
            ],
            "default_branch": "master",
            "description": "",
            "full_name": "nodis-com-br/sc_email_report",
            "git_clone_url": "git://github.com/nodis-com-br/sc_email_report.git",
            "has_downloads": true,
            "has_issues": true,
            "has_projects": false,
            "has_wiki": true,
            "homepage_url": "",
            "html_url": "https://github.com/nodis-com-br/sc_email_report",
            "http_clone_url": "https://github.com/nodis-com-br/sc_email_report.git",
            "id": "sc_email_report",
            "name": "sc_email_report",
            "node_id": "R_kgDOGWmxsQ",
            "only_protected_branches": false,
            "pages": [],
            "private": true,
            "repo_id": 426357169,
            "ssh_clone_url": "git@github.com:nodis-com-br/sc_email_report.git",
            "svn_url": "https://github.com/nodis-com-br/sc_email_report",
            "topics": [
              "github-flow",
              "helm-release"
            ],
            "visibility": "private"
          },
          "sensitive_attributes": []
        }
      ]
    },
    {
      "module": "module.workflow_configure_helm_release",
      "mode": "managed",
      "type": "github_repository_file",
      "name": "this",
      "provider": "provider[\"registry.terraform.io/integrations/github\"]",
      "instances": [
        {
          "index_key": "discord_bot_api",
          "schema_version": 0,
          "attributes": {
            "branch": "master",
            "commit_author": "terraform",
            "commit_email": "terraform@users.noreply.github.com",
            "commit_message": "chore: .github/workflows/configure.yml created/modified by terraform [skip ci]",
            "commit_sha": "655ab86ba6c9b0d10f98ae1e7dd12298e940bd73",
            "content": "name: configure\n\nconcurrency:\n  group: configure\n\non:\n  workflow_dispatch: ~\n\njobs:\n  startup:\n    uses: ptonini/gha-workflows/.github/workflows/startup.yaml@main\n    secrets:\n      ORG_CONFIG: ${{ secrets.ORG_CONFIG }}\n  apply_helm_release:\n    uses: ptonini/gha-workflows/.github/workflows/deploy-helm-releases.yaml@main\n    needs:\n      - startup\n    secrets:\n      OPENVPN_CONFIG: ${{ secrets.OPENVPN_CONFIG }}\n      VAULT_ADDR: ${{ secrets.VAULT_ADDR }}\n      VAULT_APPROLE_ROLE_ID: ${{ secrets.VAULT_APPROLE_ROLE_ID }}\n      VAULT_APPROLE_SECRET_ID: ${{ secrets.VAULT_APPROLE_SECRET_ID }}\n  ",
            "file": ".github/workflows/configure.yml",
            "id": "discord_bot_api/.github/workflows/configure.yml",
            "overwrite_on_create": true,
            "repository": "discord_bot_api",
            "sha": "01cd23234a7a05ea02f6ff3b5e0cd14522a3262e"
          },
          "sensitive_attributes": [],
          "private": "bnVsbA==",
          "dependencies": [
            "module.k8s_workflow_configure_helm_release.data.github_repositories.this",
            "module.k8s_workflow_configure_helm_release.data.github_repository.this"
          ]
        },
        {
          "index_key": "sc_email_forward",
          "schema_version": 0,
          "attributes": {
            "branch": "master",
            "commit_author": "terraform",
            "commit_email": "terraform@users.noreply.github.com",
            "commit_message": "chore: .github/workflows/configure.yml created/modified by terraform [skip ci]",
            "commit_sha": "a9415b05de31d3bc9b07fa95647ee9e42a3c296b",
            "content": "name: configure\n\nconcurrency:\n  group: configure\n\non:\n  workflow_dispatch: ~\n\njobs:\n  startup:\n    uses: ptonini/gha-workflows/.github/workflows/startup.yaml@main\n    secrets:\n      ORG_CONFIG: ${{ secrets.ORG_CONFIG }}\n  apply_helm_release:\n    uses: ptonini/gha-workflows/.github/workflows/deploy-helm-releases.yaml@main\n    needs:\n      - startup\n    secrets:\n      OPENVPN_CONFIG: ${{ secrets.OPENVPN_CONFIG }}\n      VAULT_ADDR: ${{ secrets.VAULT_ADDR }}\n      VAULT_APPROLE_ROLE_ID: ${{ secrets.VAULT_APPROLE_ROLE_ID }}\n      VAULT_APPROLE_SECRET_ID: ${{ secrets.VAULT_APPROLE_SECRET_ID }}\n  ",
            "file": ".github/workflows/configure.yml",
            "id": "sc_email_forward/.github/workflows/configure.yml",
            "overwrite_on_create": true,
            "repository": "sc_email_forward",
            "sha": "01cd23234a7a05ea02f6ff3b5e0cd14522a3262e"
          },
          "sensitive_attributes": [],
          "private": "bnVsbA==",
          "dependencies": [
            "module.k8s_workflow_configure_helm_release.data.github_repositories.this",
            "module.k8s_workflow_configure_helm_release.data.github_repository.this"
          ]
        },
        {
          "index_key": "sc_email_report",
          "schema_version": 0,
          "attributes": {
            "branch": "master",
            "commit_author": "terraform",
            "commit_email": "terraform@users.noreply.github.com",
            "commit_message": "chore: .github/workflows/configure.yml created/modified by terraform [skip ci]",
            "commit_sha": "71ad3dd9f8863000b229354f4c3fccc70eca954e",
            "content": "name: configure\n\nconcurrency:\n  group: configure\n\non:\n  workflow_dispatch: ~\n\njobs:\n  startup:\n    uses: ptonini/gha-workflows/.github/workflows/startup.yaml@main\n    secrets:\n      ORG_CONFIG: ${{ secrets.ORG_CONFIG }}\n  apply_helm_release:\n    uses: ptonini/gha-workflows/.github/workflows/deploy-helm-releases.yaml@main\n    needs:\n      - startup\n    secrets:\n      OPENVPN_CONFIG: ${{ secrets.OPENVPN_CONFIG }}\n      VAULT_ADDR: ${{ secrets.VAULT_ADDR }}\n      VAULT_APPROLE_ROLE_ID: ${{ secrets.VAULT_APPROLE_ROLE_ID }}\n      VAULT_APPROLE_SECRET_ID: ${{ secrets.VAULT_APPROLE_SECRET_ID }}\n  ",
            "file": ".github/workflows/configure.yml",
            "id": "sc_email_report/.github/workflows/configure.yml",
            "overwrite_on_create": true,
            "repository": "sc_email_report",
            "sha": "01cd23234a7a05ea02f6ff3b5e0cd14522a3262e"
          },
          "sensitive_attributes": [],
          "private": "bnVsbA==",
          "dependencies": [
            "module.k8s_workflow_configure_helm_release.data.github_repositories.this",
            "module.k8s_workflow_configure_helm_release.data.github_repository.this"
          ]
        }
      ]
    },
    {
      "module": "module.workflow_deploy_helm_release",
      "mode": "data",
      "type": "github_repositories",
      "name": "this",
      "provider": "provider[\"registry.terraform.io/integrations/github\"]",
      "instances": [
        {
          "index_key": "helm-release github-flow",
          "schema_version": 0,
          "attributes": {
            "full_names": [
              "nodis-com-br/sc_email_forward",
              "nodis-com-br/sc_email_report",
              "nodis-com-br/discord_bot_api"
            ],
            "id": "helm-release github-flow in:topics org:nodis-com-br archived:false",
            "names": [
              "sc_email_forward",
              "sc_email_report",
              "discord_bot_api"
            ],
            "query": "helm-release github-flow in:topics org:nodis-com-br archived:false",
            "sort": "updated"
          },
          "sensitive_attributes": []
        }
      ]
    },
    {
      "module": "module.workflow_deploy_helm_release",
      "mode": "data",
      "type": "github_repository",
      "name": "this",
      "provider": "provider[\"registry.terraform.io/integrations/github\"]",
      "instances": [
        {
          "index_key": "discord_bot_api",
          "schema_version": 0,
          "attributes": {
            "allow_auto_merge": false,
            "allow_merge_commit": true,
            "allow_rebase_merge": true,
            "allow_squash_merge": true,
            "archived": false,
            "branches": [
              {
                "name": "master",
                "protected": false
              },
              {
                "name": "workflow-test",
                "protected": false
              }
            ],
            "default_branch": "master",
            "description": "",
            "full_name": "nodis-com-br/discord_bot_api",
            "git_clone_url": "git://github.com/nodis-com-br/discord_bot_api.git",
            "has_downloads": true,
            "has_issues": true,
            "has_projects": false,
            "has_wiki": true,
            "homepage_url": "",
            "html_url": "https://github.com/nodis-com-br/discord_bot_api",
            "http_clone_url": "https://github.com/nodis-com-br/discord_bot_api.git",
            "id": "discord_bot_api",
            "name": "discord_bot_api",
            "node_id": "R_kgDOHHZBeg",
            "only_protected_branches": false,
            "pages": [],
            "private": true,
            "repo_id": 477512058,
            "ssh_clone_url": "git@github.com:nodis-com-br/discord_bot_api.git",
            "svn_url": "https://github.com/nodis-com-br/discord_bot_api",
            "topics": [
              "bots-app",
              "github-flow",
              "helm-release"
            ],
            "visibility": "private"
          },
          "sensitive_attributes": []
        },
        {
          "index_key": "sc_email_forward",
          "schema_version": 0,
          "attributes": {
            "allow_auto_merge": false,
            "allow_merge_commit": true,
            "allow_rebase_merge": true,
            "allow_squash_merge": true,
            "archived": false,
            "branches": [
              {
                "name": "develop",
                "protected": false
              },
              {
                "name": "master",
                "protected": false
              }
            ],
            "default_branch": "master",
            "description": "Automação e-mails comunicação SC.",
            "full_name": "nodis-com-br/sc_email_forward",
            "git_clone_url": "git://github.com/nodis-com-br/sc_email_forward.git",
            "has_downloads": true,
            "has_issues": true,
            "has_projects": false,
            "has_wiki": true,
            "homepage_url": "",
            "html_url": "https://github.com/nodis-com-br/sc_email_forward",
            "http_clone_url": "https://github.com/nodis-com-br/sc_email_forward.git",
            "id": "sc_email_forward",
            "name": "sc_email_forward",
            "node_id": "R_kgDOHGt9Vg",
            "only_protected_branches": false,
            "pages": [],
            "private": true,
            "repo_id": 476806486,
            "ssh_clone_url": "git@github.com:nodis-com-br/sc_email_forward.git",
            "svn_url": "https://github.com/nodis-com-br/sc_email_forward",
            "topics": [
              "github-flow",
              "helm-release"
            ],
            "visibility": "private"
          },
          "sensitive_attributes": []
        },
        {
          "index_key": "sc_email_report",
          "schema_version": 0,
          "attributes": {
            "allow_auto_merge": false,
            "allow_merge_commit": true,
            "allow_rebase_merge": true,
            "allow_squash_merge": true,
            "archived": false,
            "branches": [
              {
                "name": "master",
                "protected": false
              }
            ],
            "default_branch": "master",
            "description": "",
            "full_name": "nodis-com-br/sc_email_report",
            "git_clone_url": "git://github.com/nodis-com-br/sc_email_report.git",
            "has_downloads": true,
            "has_issues": true,
            "has_projects": false,
            "has_wiki": true,
            "homepage_url": "",
            "html_url": "https://github.com/nodis-com-br/sc_email_report",
            "http_clone_url": "https://github.com/nodis-com-br/sc_email_report.git",
            "id": "sc_email_report",
            "name": "sc_email_report",
            "node_id": "R_kgDOGWmxsQ",
            "only_protected_branches": false,
            "pages": [],
            "private": true,
            "repo_id": 426357169,
            "ssh_clone_url": "git@github.com:nodis-com-br/sc_email_report.git",
            "svn_url": "https://github.com/nodis-com-br/sc_email_report",
            "topics": [
              "github-flow",
              "helm-release"
            ],
            "visibility": "private"
          },
          "sensitive_attributes": []
        }
      ]
    },
    {
      "module": "module.workflow_deploy_helm_release",
      "mode": "managed",
      "type": "github_repository_file",
      "name": "this",
      "provider": "provider[\"registry.terraform.io/integrations/github\"]",
      "instances": [
        {
          "index_key": "discord_bot_api",
          "schema_version": 0,
          "attributes": {
            "branch": "master",
            "commit_author": "terraform",
            "commit_email": "terraform@users.noreply.github.com",
            "commit_message": "chore: .github/workflows/deploy.yml created/modified by terraform [skip ci]",
            "commit_sha": "5109253bccfe4a53acff691c3ea1867731995db7",
            "content": "name: deploy\n\nconcurrency:\n  group: ${{ github.event_name }}-${{ github.event.number }}\n\non:\n  push:\n    branches:\n      - master\n      - main\n      - legacy/*\n    paths-ignore:\n      - manifest.yaml\n  pull_request:\n    types:\n      - opened\n      - synchronize\n      - closed\n    branches:\n      - master\n      - main\n      - legacy/*\n\njobs:\n  release_please:\n    uses: ptonini/gha-workflows/.github/workflows/release-please.yaml@main\n    if: github.event_name == 'push'\n  \n  startup:\n    uses: ptonini/gha-workflows/.github/workflows/startup.yaml@main\n    if: (!contains(github.event.pull_request.head.ref, 'release-please--'))\n    secrets:\n      ORG_CONFIG: ${{ secrets.ORG_CONFIG }}\n  \n  publish_candidate:\n    uses: ptonini/gha-workflows/.github/workflows/publish-docker-image.yaml@main\n    if: needs.startup.outputs.publish_candidate == 'true'\n    needs:\n      - startup\n    with:\n      tags: ${{ format('latest pr{0}', github.event.number) }}\n    secrets:\n      BUILD_PASSWORD: ${{ secrets.GH_PACKAGES_TOKEN }}\n  create_staging:\n    uses: ptonini/gha-workflows/.github/workflows/deploy-helm-releases.yaml@main\n    if: needs.startup.outputs.create_staging == 'true'\n    needs:\n      - startup\n      - publish_candidate\n    with:\n      checksum: ${{ needs.publish_candidate.outputs.checksum }}\n    secrets:\n      OPENVPN_CONFIG: ${{ secrets.OPENVPN_CONFIG }}\n      VAULT_ADDR: ${{ secrets.VAULT_ADDR }}\n      VAULT_APPROLE_ROLE_ID: ${{ secrets.VAULT_APPROLE_ROLE_ID }}\n      VAULT_APPROLE_SECRET_ID: ${{ secrets.VAULT_APPROLE_SECRET_ID }}\n\n  destroy_staging:\n    uses: ptonini/gha-workflows/.github/workflows/destroy-staging.yaml@main\n    if: needs.startup.outputs.destroy_staging == 'true'\n    needs:\n      - startup\n    secrets:\n      OPENVPN_CONFIG: ${{ secrets.OPENVPN_CONFIG }}\n      VAULT_ADDR: ${{ secrets.VAULT_ADDR }}\n      VAULT_APPROLE_ROLE_ID: ${{ secrets.VAULT_APPROLE_ROLE_ID }}\n      VAULT_APPROLE_SECRET_ID: ${{ secrets.VAULT_APPROLE_SECRET_ID }}\n  \n  approve_candidate:\n    uses: ptonini/gha-workflows/.github/workflows/retag-docker-image.yaml@main\n    if: needs.startup.outputs.approve_candidate == 'true'\n    needs:\n      - startup\n    with:\n      source_tag: ${{ format('pr{0}', github.event.pull_request.number) }}\n      tag: pr-approved\n  \n  promote_candidate:\n    uses: ptonini/gha-workflows/.github/workflows/retag-docker-image.yaml@main\n    if: needs.startup.outputs.promote_candidate == 'true'\n    needs:\n      - startup\n    with:\n      source_tag: pr-approved\n      tag: ${{ needs.startup.outputs.release_version }}\n  deploy_to_production:\n    uses: ptonini/gha-workflows/.github/workflows/deploy-helm-releases.yaml@main\n    needs:\n      - promote_candidate\n    secrets:\n      OPENVPN_CONFIG: ${{ secrets.OPENVPN_CONFIG }}\n      VAULT_ADDR: ${{ secrets.VAULT_ADDR }}\n      VAULT_APPROLE_ROLE_ID: ${{ secrets.VAULT_APPROLE_ROLE_ID }}\n      VAULT_APPROLE_SECRET_ID: ${{ secrets.VAULT_APPROLE_SECRET_ID }}\n  \n  unit_tests:\n    uses: ptonini/gha-workflows/.github/workflows/unit-tests.yaml@main\n    if: needs.startup.outputs.skip_tests == 'false'\n    needs:\n      - startup\n  quality_scan:\n    uses: ptonini/gha-workflows/.github/workflows/sonarcloud.yaml@main\n    needs:\n      - unit_tests\n    secrets:\n      GH_PACKAGES_TOKEN: ${{ secrets.GH_PACKAGES_TOKEN }}\n      SONAR_TOKEN: ${{ secrets.SONAR_TOKEN }}\n  \n  code_linting:\n    uses: ptonini/gha-workflows/.github/workflows/code-linting.yaml@main\n    if: needs.startup.outputs.housekeeping == 'true'\n    needs:\n      - startup\n  security_leaks_scan:\n    uses: ptonini/gha-workflows/.github/workflows/trufflehog.yaml@main\n    if: needs.startup.outputs.housekeeping == 'true'\n    needs:\n      - startup",
            "file": ".github/workflows/deploy.yml",
            "id": "discord_bot_api/.github/workflows/deploy.yml",
            "overwrite_on_create": true,
            "repository": "discord_bot_api",
            "sha": "d15553febb454ee0c39315dbca9dec0a262170c7"
          },
          "sensitive_attributes": [],
          "private": "bnVsbA==",
          "dependencies": [
            "module.k8s_workflow_deploy_helm_release.data.github_repositories.this",
            "module.k8s_workflow_deploy_helm_release.data.github_repository.this"
          ]
        },
        {
          "index_key": "sc_email_forward",
          "schema_version": 0,
          "attributes": {
            "branch": "master",
            "commit_author": "terraform",
            "commit_email": "terraform@users.noreply.github.com",
            "commit_message": "chore: .github/workflows/deploy.yml created/modified by terraform [skip ci]",
            "commit_sha": "96cacfdf197683000cff342e57bf882cf72a03fa",
            "content": "name: deploy\n\nconcurrency:\n  group: ${{ github.event_name }}-${{ github.event.number }}\n\non:\n  push:\n    branches:\n      - master\n      - main\n      - legacy/*\n    paths-ignore:\n      - manifest.yaml\n  pull_request:\n    types:\n      - opened\n      - synchronize\n      - closed\n    branches:\n      - master\n      - main\n      - legacy/*\n\njobs:\n  release_please:\n    uses: ptonini/gha-workflows/.github/workflows/release-please.yaml@main\n    if: github.event_name == 'push'\n  \n  startup:\n    uses: ptonini/gha-workflows/.github/workflows/startup.yaml@main\n    if: (!contains(github.event.pull_request.head.ref, 'release-please--'))\n    secrets:\n      ORG_CONFIG: ${{ secrets.ORG_CONFIG }}\n  \n  publish_candidate:\n    uses: ptonini/gha-workflows/.github/workflows/publish-docker-image.yaml@main\n    if: needs.startup.outputs.publish_candidate == 'true'\n    needs:\n      - startup\n    with:\n      tags: ${{ format('latest pr{0}', github.event.number) }}\n    secrets:\n      BUILD_PASSWORD: ${{ secrets.GH_PACKAGES_TOKEN }}\n  create_staging:\n    uses: ptonini/gha-workflows/.github/workflows/deploy-helm-releases.yaml@main\n    if: needs.startup.outputs.create_staging == 'true'\n    needs:\n      - startup\n      - publish_candidate\n    with:\n      checksum: ${{ needs.publish_candidate.outputs.checksum }}\n    secrets:\n      OPENVPN_CONFIG: ${{ secrets.OPENVPN_CONFIG }}\n      VAULT_ADDR: ${{ secrets.VAULT_ADDR }}\n      VAULT_APPROLE_ROLE_ID: ${{ secrets.VAULT_APPROLE_ROLE_ID }}\n      VAULT_APPROLE_SECRET_ID: ${{ secrets.VAULT_APPROLE_SECRET_ID }}\n\n  destroy_staging:\n    uses: ptonini/gha-workflows/.github/workflows/destroy-staging.yaml@main\n    if: needs.startup.outputs.destroy_staging == 'true'\n    needs:\n      - startup\n    secrets:\n      OPENVPN_CONFIG: ${{ secrets.OPENVPN_CONFIG }}\n      VAULT_ADDR: ${{ secrets.VAULT_ADDR }}\n      VAULT_APPROLE_ROLE_ID: ${{ secrets.VAULT_APPROLE_ROLE_ID }}\n      VAULT_APPROLE_SECRET_ID: ${{ secrets.VAULT_APPROLE_SECRET_ID }}\n  \n  approve_candidate:\n    uses: ptonini/gha-workflows/.github/workflows/retag-docker-image.yaml@main\n    if: needs.startup.outputs.approve_candidate == 'true'\n    needs:\n      - startup\n    with:\n      source_tag: ${{ format('pr{0}', github.event.pull_request.number) }}\n      tag: pr-approved\n  \n  promote_candidate:\n    uses: ptonini/gha-workflows/.github/workflows/retag-docker-image.yaml@main\n    if: needs.startup.outputs.promote_candidate == 'true'\n    needs:\n      - startup\n    with:\n      source_tag: pr-approved\n      tag: ${{ needs.startup.outputs.release_version }}\n  deploy_to_production:\n    uses: ptonini/gha-workflows/.github/workflows/deploy-helm-releases.yaml@main\n    needs:\n      - promote_candidate\n    secrets:\n      OPENVPN_CONFIG: ${{ secrets.OPENVPN_CONFIG }}\n      VAULT_ADDR: ${{ secrets.VAULT_ADDR }}\n      VAULT_APPROLE_ROLE_ID: ${{ secrets.VAULT_APPROLE_ROLE_ID }}\n      VAULT_APPROLE_SECRET_ID: ${{ secrets.VAULT_APPROLE_SECRET_ID }}\n  \n  unit_tests:\n    uses: ptonini/gha-workflows/.github/workflows/unit-tests.yaml@main\n    if: needs.startup.outputs.skip_tests == 'false'\n    needs:\n      - startup\n  quality_scan:\n    uses: ptonini/gha-workflows/.github/workflows/sonarcloud.yaml@main\n    needs:\n      - unit_tests\n    secrets:\n      GH_PACKAGES_TOKEN: ${{ secrets.GH_PACKAGES_TOKEN }}\n      SONAR_TOKEN: ${{ secrets.SONAR_TOKEN }}\n  \n  code_linting:\n    uses: ptonini/gha-workflows/.github/workflows/code-linting.yaml@main\n    if: needs.startup.outputs.housekeeping == 'true'\n    needs:\n      - startup\n  security_leaks_scan:\n    uses: ptonini/gha-workflows/.github/workflows/trufflehog.yaml@main\n    if: needs.startup.outputs.housekeeping == 'true'\n    needs:\n      - startup",
            "file": ".github/workflows/deploy.yml",
            "id": "sc_email_forward/.github/workflows/deploy.yml",
            "overwrite_on_create": true,
            "repository": "sc_email_forward",
            "sha": "d15553febb454ee0c39315dbca9dec0a262170c7"
          },
          "sensitive_attributes": [],
          "private": "bnVsbA==",
          "dependencies": [
            "module.k8s_workflow_deploy_helm_release.data.github_repositories.this",
            "module.k8s_workflow_deploy_helm_release.data.github_repository.this"
          ]
        },
        {
          "index_key": "sc_email_report",
          "schema_version": 0,
          "attributes": {
            "branch": "master",
            "commit_author": "terraform",
            "commit_email": "terraform@users.noreply.github.com",
            "commit_message": "chore: .github/workflows/deploy.yml created/modified by terraform [skip ci]",
            "commit_sha": "4460b123da72d63cf034bb016fbddddb9356e744",
            "content": "name: deploy\n\nconcurrency:\n  group: ${{ github.event_name }}-${{ github.event.number }}\n\non:\n  push:\n    branches:\n      - master\n      - main\n      - legacy/*\n    paths-ignore:\n      - manifest.yaml\n  pull_request:\n    types:\n      - opened\n      - synchronize\n      - closed\n    branches:\n      - master\n      - main\n      - legacy/*\n\njobs:\n  release_please:\n    uses: ptonini/gha-workflows/.github/workflows/release-please.yaml@main\n    if: github.event_name == 'push'\n  \n  startup:\n    uses: ptonini/gha-workflows/.github/workflows/startup.yaml@main\n    if: (!contains(github.event.pull_request.head.ref, 'release-please--'))\n    secrets:\n      ORG_CONFIG: ${{ secrets.ORG_CONFIG }}\n  \n  publish_candidate:\n    uses: ptonini/gha-workflows/.github/workflows/publish-docker-image.yaml@main\n    if: needs.startup.outputs.publish_candidate == 'true'\n    needs:\n      - startup\n    with:\n      tags: ${{ format('latest pr{0}', github.event.number) }}\n    secrets:\n      BUILD_PASSWORD: ${{ secrets.GH_PACKAGES_TOKEN }}\n  create_staging:\n    uses: ptonini/gha-workflows/.github/workflows/deploy-helm-releases.yaml@main\n    if: needs.startup.outputs.create_staging == 'true'\n    needs:\n      - startup\n      - publish_candidate\n    with:\n      checksum: ${{ needs.publish_candidate.outputs.checksum }}\n    secrets:\n      OPENVPN_CONFIG: ${{ secrets.OPENVPN_CONFIG }}\n      VAULT_ADDR: ${{ secrets.VAULT_ADDR }}\n      VAULT_APPROLE_ROLE_ID: ${{ secrets.VAULT_APPROLE_ROLE_ID }}\n      VAULT_APPROLE_SECRET_ID: ${{ secrets.VAULT_APPROLE_SECRET_ID }}\n\n  destroy_staging:\n    uses: ptonini/gha-workflows/.github/workflows/destroy-staging.yaml@main\n    if: needs.startup.outputs.destroy_staging == 'true'\n    needs:\n      - startup\n    secrets:\n      OPENVPN_CONFIG: ${{ secrets.OPENVPN_CONFIG }}\n      VAULT_ADDR: ${{ secrets.VAULT_ADDR }}\n      VAULT_APPROLE_ROLE_ID: ${{ secrets.VAULT_APPROLE_ROLE_ID }}\n      VAULT_APPROLE_SECRET_ID: ${{ secrets.VAULT_APPROLE_SECRET_ID }}\n  \n  approve_candidate:\n    uses: ptonini/gha-workflows/.github/workflows/retag-docker-image.yaml@main\n    if: needs.startup.outputs.approve_candidate == 'true'\n    needs:\n      - startup\n    with:\n      source_tag: ${{ format('pr{0}', github.event.pull_request.number) }}\n      tag: pr-approved\n  \n  promote_candidate:\n    uses: ptonini/gha-workflows/.github/workflows/retag-docker-image.yaml@main\n    if: needs.startup.outputs.promote_candidate == 'true'\n    needs:\n      - startup\n    with:\n      source_tag: pr-approved\n      tag: ${{ needs.startup.outputs.release_version }}\n  deploy_to_production:\n    uses: ptonini/gha-workflows/.github/workflows/deploy-helm-releases.yaml@main\n    needs:\n      - promote_candidate\n    secrets:\n      OPENVPN_CONFIG: ${{ secrets.OPENVPN_CONFIG }}\n      VAULT_ADDR: ${{ secrets.VAULT_ADDR }}\n      VAULT_APPROLE_ROLE_ID: ${{ secrets.VAULT_APPROLE_ROLE_ID }}\n      VAULT_APPROLE_SECRET_ID: ${{ secrets.VAULT_APPROLE_SECRET_ID }}\n  \n  unit_tests:\n    uses: ptonini/gha-workflows/.github/workflows/unit-tests.yaml@main\n    if: needs.startup.outputs.skip_tests == 'false'\n    needs:\n      - startup\n  quality_scan:\n    uses: ptonini/gha-workflows/.github/workflows/sonarcloud.yaml@main\n    needs:\n      - unit_tests\n    secrets:\n      GH_PACKAGES_TOKEN: ${{ secrets.GH_PACKAGES_TOKEN }}\n      SONAR_TOKEN: ${{ secrets.SONAR_TOKEN }}\n  \n  code_linting:\n    uses: ptonini/gha-workflows/.github/workflows/code-linting.yaml@main\n    if: needs.startup.outputs.housekeeping == 'true'\n    needs:\n      - startup\n  security_leaks_scan:\n    uses: ptonini/gha-workflows/.github/workflows/trufflehog.yaml@main\n    if: needs.startup.outputs.housekeeping == 'true'\n    needs:\n      - startup",
            "file": ".github/workflows/deploy.yml",
            "id": "sc_email_report/.github/workflows/deploy.yml",
            "overwrite_on_create": true,
            "repository": "sc_email_report",
            "sha": "d15553febb454ee0c39315dbca9dec0a262170c7"
          },
          "sensitive_attributes": [],
          "private": "bnVsbA==",
          "dependencies": [
            "module.k8s_workflow_deploy_helm_release.data.github_repositories.this",
            "module.k8s_workflow_deploy_helm_release.data.github_repository.this"
          ]
        }
      ]
    },
    {
      "module": "module.workflow_publish_docker_image",
      "mode": "data",
      "type": "github_repositories",
      "name": "this",
      "provider": "provider[\"registry.terraform.io/integrations/github\"]",
      "instances": [
        {
          "index_key": "docker-image github-flow",
          "schema_version": 0,
          "attributes": {
            "full_names": [
              "nodis-com-br/kac-ca-injector"
            ],
            "id": "docker-image github-flow in:topics org:nodis-com-br archived:false",
            "names": [
              "kac-ca-injector"
            ],
            "query": "docker-image github-flow in:topics org:nodis-com-br archived:false",
            "sort": "updated"
          },
          "sensitive_attributes": []
        }
      ]
    },
    {
      "module": "module.workflow_publish_docker_image",
      "mode": "data",
      "type": "github_repository",
      "name": "this",
      "provider": "provider[\"registry.terraform.io/integrations/github\"]",
      "instances": [
        {
          "index_key": "kac-ca-injector",
          "schema_version": 0,
          "attributes": {
            "allow_auto_merge": false,
            "allow_merge_commit": true,
            "allow_rebase_merge": true,
            "allow_squash_merge": true,
            "archived": false,
            "branches": [
              {
                "name": "add-injected-annotation",
                "protected": false
              },
              {
                "name": "develop",
                "protected": false
              },
              {
                "name": "master",
                "protected": false
              },
              {
                "name": "remove-code-smells",
                "protected": false
              }
            ],
            "default_branch": "master",
            "description": "",
            "full_name": "nodis-com-br/kac-ca-injector",
            "git_clone_url": "git://github.com/nodis-com-br/kac-ca-injector.git",
            "has_downloads": true,
            "has_issues": true,
            "has_projects": false,
            "has_wiki": true,
            "homepage_url": "",
            "html_url": "https://github.com/nodis-com-br/kac-ca-injector",
            "http_clone_url": "https://github.com/nodis-com-br/kac-ca-injector.git",
            "id": "kac-ca-injector",
            "name": "kac-ca-injector",
            "node_id": "R_kgDOHeKwZg",
            "only_protected_branches": false,
            "pages": [],
            "private": false,
            "repo_id": 501395558,
            "ssh_clone_url": "git@github.com:nodis-com-br/kac-ca-injector.git",
            "svn_url": "https://github.com/nodis-com-br/kac-ca-injector",
            "topics": [
              "docker-image",
              "github-flow"
            ],
            "visibility": "public"
          },
          "sensitive_attributes": []
        }
      ]
    },
    {
      "module": "module.workflow_publish_docker_image",
      "mode": "managed",
      "type": "github_repository_file",
      "name": "this",
      "provider": "provider[\"registry.terraform.io/integrations/github\"]",
      "instances": [
        {
          "index_key": "kac-ca-injector",
          "schema_version": 0,
          "attributes": {
            "branch": "master",
            "commit_author": "terraform",
            "commit_email": "terraform@users.noreply.github.com",
            "commit_message": "chore: .github/workflows/publish.yml created/modified by terraform [skip ci]",
            "commit_sha": "6f5833d68fa984cec1c9d59012d43a63ae4a9580",
            "content": "name: publish\n\non:\n  push:\n    branches:\n      - master\n      - main\n      - legacy/*\n  pull_request:\n    types:\n      - opened\n      - synchronize\n      - closed\n    branches:\n      - master\n      - main\n      - legacy/*\n\njobs:\n  release_please:\n    uses: ptonini/gha-workflows/.github/workflows/release-please.yaml@main\n    if: github.event_name == 'push'\n  \n  startup:\n    uses: ptonini/gha-workflows/.github/workflows/startup.yaml@main\n    if: (!contains(github.event.pull_request.head.ref, 'release-please--'))\n    secrets:\n      ORG_CONFIG: ${{ secrets.ORG_CONFIG }}\n  \n  publish_candidate:\n    uses: ptonini/gha-workflows/.github/workflows/publish-docker-image.yaml@main\n    if: needs.startup.outputs.publish_candidate == 'true'\n    needs:\n      - startup\n    with:\n      tags: ${{ format('latest pr{0}', github.event.number) }}\n    secrets:\n      BUILD_PASSWORD: ${{ secrets.GH_PACKAGES_TOKEN }}\n  \n  approve_candidate:\n    uses: ptonini/gha-workflows/.github/workflows/retag-docker-image.yaml@main\n    if: needs.startup.outputs.approve_candidate == 'true'\n    needs:\n      - startup\n    with:\n      source_tag: ${{ format('pr{0}', github.event.pull_request.number) }}\n      tag: pr-approved\n  \n  promote_candidate:\n    uses: ptonini/gha-workflows/.github/workflows/retag-docker-image.yaml@main\n    if: needs.startup.outputs.promote_candidate == 'true'\n    needs:\n      - startup\n    with:\n      source_tag: pr-approved\n      tag: ${{ needs.startup.outputs.release_version }}\n   \n  unit_tests:\n    uses: ptonini/gha-workflows/.github/workflows/unit-tests.yaml@main\n    if: needs.startup.outputs.skip_tests == 'false'\n    needs:\n      - startup\n  quality_scan:\n    uses: ptonini/gha-workflows/.github/workflows/sonarcloud.yaml@main\n    needs:\n      - unit_tests\n    secrets:\n      GH_PACKAGES_TOKEN: ${{ secrets.GH_PACKAGES_TOKEN }}\n      SONAR_TOKEN: ${{ secrets.SONAR_TOKEN }}\n\n  code_linting:\n    uses: ptonini/gha-workflows/.github/workflows/code-linting.yaml@main\n    if: needs.startup.outputs.housekeeping == 'true'\n    needs:\n      - startup\n  security_leaks_scan:\n    uses: ptonini/gha-workflows/.github/workflows/trufflehog.yaml@main\n    if: needs.startup.outputs.housekeeping == 'true'\n    needs:\n      - startup",
            "file": ".github/workflows/publish.yml",
            "id": "kac-ca-injector/.github/workflows/publish.yml",
            "overwrite_on_create": true,
            "repository": "kac-ca-injector",
            "sha": "8a52b6663b9883d889a5cf760c8e5c95532a14bf"
          },
          "sensitive_attributes": [],
          "private": "bnVsbA==",
          "dependencies": [
            "module.workflow_publish_docker_image.data.github_repositories.this",
            "module.workflow_publish_docker_image.data.github_repository.this"
          ]
        }
      ]
    },
    {
      "module": "module.workflow_publish_go_application",
      "mode": "data",
      "type": "github_repositories",
      "name": "this",
      "provider": "provider[\"registry.terraform.io/integrations/github\"]",
      "instances": [
        {
          "index_key": "vault-plugin github-flow",
          "schema_version": 0,
          "attributes": {
            "full_names": [
              "nodis-com-br/vault-k8s-secrets-engine"
            ],
            "id": "vault-plugin github-flow in:topics org:nodis-com-br archived:false",
            "names": [
              "vault-k8s-secrets-engine"
            ],
            "query": "vault-plugin github-flow in:topics org:nodis-com-br archived:false",
            "sort": "updated"
          },
          "sensitive_attributes": []
        }
      ]
    },
    {
      "module": "module.workflow_publish_go_application",
      "mode": "data",
      "type": "github_repository",
      "name": "this",
      "provider": "provider[\"registry.terraform.io/integrations/github\"]",
      "instances": [
        {
          "index_key": "vault-k8s-secrets-engine",
          "schema_version": 0,
          "attributes": {
            "allow_auto_merge": false,
            "allow_merge_commit": true,
            "allow_rebase_merge": true,
            "allow_squash_merge": true,
            "archived": false,
            "branches": [
              {
                "name": "master",
                "protected": false
              }
            ],
            "default_branch": "master",
            "description": "",
            "full_name": "nodis-com-br/vault-k8s-secrets-engine",
            "git_clone_url": "git://github.com/nodis-com-br/vault-k8s-secrets-engine.git",
            "has_downloads": true,
            "has_issues": true,
            "has_projects": false,
            "has_wiki": true,
            "homepage_url": "",
            "html_url": "https://github.com/nodis-com-br/vault-k8s-secrets-engine",
            "http_clone_url": "https://github.com/nodis-com-br/vault-k8s-secrets-engine.git",
            "id": "vault-k8s-secrets-engine",
            "name": "vault-k8s-secrets-engine",
            "node_id": "R_kgDOHMDdyg",
            "only_protected_branches": false,
            "pages": [],
            "private": false,
            "repo_id": 482401738,
            "ssh_clone_url": "git@github.com:nodis-com-br/vault-k8s-secrets-engine.git",
            "svn_url": "https://github.com/nodis-com-br/vault-k8s-secrets-engine",
            "topics": [
              "devops",
              "github-flow",
              "go",
              "hashicorp",
              "hashicorp-vault",
              "sre",
              "vault",
              "vault-plugin"
            ],
            "visibility": "public"
          },
          "sensitive_attributes": []
        }
      ]
    },
    {
      "module": "module.workflow_publish_go_application",
      "mode": "managed",
      "type": "github_repository_file",
      "name": "this",
      "provider": "provider[\"registry.terraform.io/integrations/github\"]",
      "instances": [
        {
          "index_key": "vault-k8s-secrets-engine",
          "schema_version": 0,
          "attributes": {
            "branch": "master",
            "commit_author": "terraform",
            "commit_email": "terraform@users.noreply.github.com",
            "commit_message": "chore: .github/workflows/publish.yml created/modified by terraform [skip ci]",
            "commit_sha": "816eaee075fce0f9524323aaa4eb9417fbf2167f",
            "content": "name: publish\n\non:\n  push:\n    branches:\n      - master\n      - main\n      - legacy/*\n  pull_request:\n    branches:\n      - master\n      - main\n      - legacy/*\n\njobs:\n  release_please:\n    uses: ptonini/gha-workflows/.github/workflows/release-please.yaml@main\n    if: github.event_name == 'push'\n  \n  startup:\n    uses: ptonini/gha-workflows/.github/workflows/startup.yaml@main\n    secrets:\n      ORG_CONFIG: ${{ secrets.ORG_CONFIG }}\n   \n  unit_tests:\n    uses: ptonini/gha-workflows/.github/workflows/unit-tests.yaml@main\n    if: needs.startup.outputs.skip_tests == 'false'\n    needs:\n      - startup\n  quality_scan:\n    uses: ptonini/gha-workflows/.github/workflows/sonarcloud.yaml@main\n    needs:\n      - unit_tests\n    secrets:\n      GH_PACKAGES_TOKEN: ${{ secrets.GH_PACKAGES_TOKEN }}\n      SONAR_TOKEN: ${{ secrets.SONAR_TOKEN }}\n  \n  publish_artifact:\n    uses: ptonini/gha-workflows/.github/workflows/publish-go-application.yaml@main\n    needs:\n      - startup\n      - release_please\n    with:\n      release_created: ${{ needs.release_please.outputs.release_created }}\n      tag_name: ${{ needs.release_please.outputs.tag_name }}\n   \n  code_linting:\n    uses: ptonini/gha-workflows/.github/workflows/code-linting.yaml@main\n    if: needs.startup.outputs.housekeeping == 'true'\n    needs:\n      - startup\n  security_leaks_scan:\n    uses: ptonini/gha-workflows/.github/workflows/trufflehog.yaml@main\n    if: needs.startup.outputs.housekeeping == 'true'\n    needs:\n      - startup",
            "file": ".github/workflows/publish.yml",
            "id": "vault-k8s-secrets-engine/.github/workflows/publish.yml",
            "overwrite_on_create": true,
            "repository": "vault-k8s-secrets-engine",
            "sha": "2fd30295aa36e40ab5b1242f678cc84a9c265dd8"
          },
          "sensitive_attributes": [],
          "private": "bnVsbA==",
          "dependencies": [
            "module.workflow_publish_go_application.data.github_repositories.this",
            "module.workflow_publish_go_application.data.github_repository.this"
          ]
        }
      ]
    }
  ],
  "check_results": []
}
