{
  "version": 4,
  "terraform_version": "1.4.6",
  "serial": 68,
  "lineage": "bc41f04e-4e65-c9d5-a6f4-76fd25f75577",
  "outputs": {},
  "resources": [
    {
      "mode": "managed",
      "type": "github_actions_variable",
      "name": "container_registry",
      "provider": "provider[\"registry.terraform.io/integrations/github\"]",
      "instances": [
        {
          "index_key": "container-images",
          "schema_version": 0,
          "attributes": {
            "created_at": "2023-05-03 05:37:04 +0000 UTC",
            "id": "container-images:container_registry",
            "repository": "container-images",
            "updated_at": "2023-05-03 05:37:04 +0000 UTC",
            "value": "ghcr.io/ptonini",
            "variable_name": "container_registry"
          },
          "sensitive_attributes": [],
          "private": "bnVsbA==",
          "dependencies": [
            "module.repo_group_github_flow.data.github_repositories.this",
            "module.repo_group_github_flow.data.github_repository.this"
          ]
        },
        {
          "index_key": "helm-charts",
          "schema_version": 0,
          "attributes": {
            "created_at": "2023-05-03 05:37:05 +0000 UTC",
            "id": "helm-charts:container_registry",
            "repository": "helm-charts",
            "updated_at": "2023-05-03 05:37:05 +0000 UTC",
            "value": "ghcr.io/ptonini",
            "variable_name": "container_registry"
          },
          "sensitive_attributes": [],
          "private": "bnVsbA==",
          "dependencies": [
            "module.repo_group_github_flow.data.github_repositories.this",
            "module.repo_group_github_flow.data.github_repository.this"
          ]
        },
        {
          "index_key": "pod-ca-injector",
          "schema_version": 0,
          "attributes": {
            "created_at": "2023-04-17 23:47:16 +0000 UTC",
            "id": "pod-ca-injector:container_registry",
            "repository": "pod-ca-injector",
            "updated_at": "2023-04-17 23:47:16 +0000 UTC",
            "value": "ghcr.io/ptonini",
            "variable_name": "container_registry"
          },
          "sensitive_attributes": [],
          "private": "eyJzY2hlbWFfdmVyc2lvbiI6IjAifQ==",
          "dependencies": [
            "module.repo_group_github_flow.data.github_repositories.this",
            "module.repo_group_github_flow.data.github_repository.this"
          ]
        },
        {
          "index_key": "pull-secrets-creator",
          "schema_version": 0,
          "attributes": {
            "created_at": "2023-04-17 23:47:19 +0000 UTC",
            "id": "pull-secrets-creator:container_registry",
            "repository": "pull-secrets-creator",
            "updated_at": "2023-04-17 23:47:19 +0000 UTC",
            "value": "ghcr.io/ptonini",
            "variable_name": "container_registry"
          },
          "sensitive_attributes": [],
          "private": "eyJzY2hlbWFfdmVyc2lvbiI6IjAifQ==",
          "dependencies": [
            "module.repo_group_github_flow.data.github_repositories.this",
            "module.repo_group_github_flow.data.github_repository.this"
          ]
        }
      ]
    },
    {
      "mode": "managed",
      "type": "github_actions_variable",
      "name": "go_version",
      "provider": "provider[\"registry.terraform.io/integrations/github\"]",
      "instances": [
        {
          "index_key": "container-images",
          "schema_version": 0,
          "attributes": {
            "created_at": "2023-05-03 05:34:31 +0000 UTC",
            "id": "container-images:go_version",
            "repository": "container-images",
            "updated_at": "2023-05-03 05:34:31 +0000 UTC",
            "value": "1.18",
            "variable_name": "go_version"
          },
          "sensitive_attributes": [],
          "private": "bnVsbA==",
          "dependencies": [
            "module.repo_group_github_flow.data.github_repositories.this",
            "module.repo_group_github_flow.data.github_repository.this"
          ]
        },
        {
          "index_key": "helm-charts",
          "schema_version": 0,
          "attributes": {
            "created_at": "2023-05-03 05:34:39 +0000 UTC",
            "id": "helm-charts:go_version",
            "repository": "helm-charts",
            "updated_at": "2023-05-03 05:34:39 +0000 UTC",
            "value": "1.18",
            "variable_name": "go_version"
          },
          "sensitive_attributes": [],
          "private": "bnVsbA==",
          "dependencies": [
            "module.repo_group_github_flow.data.github_repositories.this",
            "module.repo_group_github_flow.data.github_repository.this"
          ]
        },
        {
          "index_key": "pod-ca-injector",
          "schema_version": 0,
          "attributes": {
            "created_at": "2023-05-03 05:31:03 +0000 UTC",
            "id": "pod-ca-injector:go_version",
            "repository": "pod-ca-injector",
            "updated_at": "2023-05-03 05:31:03 +0000 UTC",
            "value": "1.18",
            "variable_name": "go_version"
          },
          "sensitive_attributes": [],
          "private": "bnVsbA==",
          "dependencies": [
            "module.repo_group_github_flow.data.github_repositories.this",
            "module.repo_group_github_flow.data.github_repository.this"
          ]
        },
        {
          "index_key": "pull-secrets-creator",
          "schema_version": 0,
          "attributes": {
            "created_at": "2023-05-03 05:31:07 +0000 UTC",
            "id": "pull-secrets-creator:go_version",
            "repository": "pull-secrets-creator",
            "updated_at": "2023-05-03 05:31:07 +0000 UTC",
            "value": "1.18",
            "variable_name": "go_version"
          },
          "sensitive_attributes": [],
          "private": "bnVsbA==",
          "dependencies": [
            "module.repo_group_github_flow.data.github_repositories.this",
            "module.repo_group_github_flow.data.github_repository.this"
          ]
        }
      ]
    },
    {
      "mode": "managed",
      "type": "github_actions_variable",
      "name": "lua_version",
      "provider": "provider[\"registry.terraform.io/integrations/github\"]",
      "instances": [
        {
          "index_key": "container-images",
          "schema_version": 0,
          "attributes": {
            "created_at": "2023-05-03 05:34:43 +0000 UTC",
            "id": "container-images:lua_version",
            "repository": "container-images",
            "updated_at": "2023-05-03 05:34:43 +0000 UTC",
            "value": "5.4.4",
            "variable_name": "lua_version"
          },
          "sensitive_attributes": [],
          "private": "bnVsbA==",
          "dependencies": [
            "module.repo_group_github_flow.data.github_repositories.this",
            "module.repo_group_github_flow.data.github_repository.this"
          ]
        },
        {
          "index_key": "helm-charts",
          "schema_version": 0,
          "attributes": {
            "created_at": "2023-05-03 05:34:33 +0000 UTC",
            "id": "helm-charts:lua_version",
            "repository": "helm-charts",
            "updated_at": "2023-05-03 05:34:33 +0000 UTC",
            "value": "5.4.4",
            "variable_name": "lua_version"
          },
          "sensitive_attributes": [],
          "private": "bnVsbA==",
          "dependencies": [
            "module.repo_group_github_flow.data.github_repositories.this",
            "module.repo_group_github_flow.data.github_repository.this"
          ]
        },
        {
          "index_key": "pod-ca-injector",
          "schema_version": 0,
          "attributes": {
            "created_at": "2023-05-03 05:31:04 +0000 UTC",
            "id": "pod-ca-injector:lua_version",
            "repository": "pod-ca-injector",
            "updated_at": "2023-05-03 05:31:04 +0000 UTC",
            "value": "5.4.4",
            "variable_name": "lua_version"
          },
          "sensitive_attributes": [],
          "private": "bnVsbA==",
          "dependencies": [
            "module.repo_group_github_flow.data.github_repositories.this",
            "module.repo_group_github_flow.data.github_repository.this"
          ]
        },
        {
          "index_key": "pull-secrets-creator",
          "schema_version": 0,
          "attributes": {
            "created_at": "2023-05-03 05:31:34 +0000 UTC",
            "id": "pull-secrets-creator:lua_version",
            "repository": "pull-secrets-creator",
            "updated_at": "2023-05-03 05:31:34 +0000 UTC",
            "value": "5.4.4",
            "variable_name": "lua_version"
          },
          "sensitive_attributes": [],
          "private": "bnVsbA==",
          "dependencies": [
            "module.repo_group_github_flow.data.github_repositories.this",
            "module.repo_group_github_flow.data.github_repository.this"
          ]
        }
      ]
    },
    {
      "mode": "managed",
      "type": "github_actions_variable",
      "name": "nodejs_version",
      "provider": "provider[\"registry.terraform.io/integrations/github\"]",
      "instances": [
        {
          "index_key": "container-images",
          "schema_version": 0,
          "attributes": {
            "created_at": "2023-05-03 05:34:34 +0000 UTC",
            "id": "container-images:nodejs_version",
            "repository": "container-images",
            "updated_at": "2023-05-03 05:34:34 +0000 UTC",
            "value": "16.10.0",
            "variable_name": "nodejs_version"
          },
          "sensitive_attributes": [],
          "private": "bnVsbA==",
          "dependencies": [
            "module.repo_group_github_flow.data.github_repositories.this",
            "module.repo_group_github_flow.data.github_repository.this"
          ]
        },
        {
          "index_key": "helm-charts",
          "schema_version": 0,
          "attributes": {
            "created_at": "2023-05-03 05:34:36 +0000 UTC",
            "id": "helm-charts:nodejs_version",
            "repository": "helm-charts",
            "updated_at": "2023-05-03 05:34:36 +0000 UTC",
            "value": "16.10.0",
            "variable_name": "nodejs_version"
          },
          "sensitive_attributes": [],
          "private": "bnVsbA==",
          "dependencies": [
            "module.repo_group_github_flow.data.github_repositories.this",
            "module.repo_group_github_flow.data.github_repository.this"
          ]
        },
        {
          "index_key": "pod-ca-injector",
          "schema_version": 0,
          "attributes": {
            "created_at": "2023-05-03 05:31:06 +0000 UTC",
            "id": "pod-ca-injector:nodejs_version",
            "repository": "pod-ca-injector",
            "updated_at": "2023-05-03 05:31:06 +0000 UTC",
            "value": "16.10.0",
            "variable_name": "nodejs_version"
          },
          "sensitive_attributes": [],
          "private": "bnVsbA==",
          "dependencies": [
            "module.repo_group_github_flow.data.github_repositories.this",
            "module.repo_group_github_flow.data.github_repository.this"
          ]
        },
        {
          "index_key": "pull-secrets-creator",
          "schema_version": 0,
          "attributes": {
            "created_at": "2023-05-03 05:31:19 +0000 UTC",
            "id": "pull-secrets-creator:nodejs_version",
            "repository": "pull-secrets-creator",
            "updated_at": "2023-05-03 05:31:19 +0000 UTC",
            "value": "16.10.0",
            "variable_name": "nodejs_version"
          },
          "sensitive_attributes": [],
          "private": "bnVsbA==",
          "dependencies": [
            "module.repo_group_github_flow.data.github_repositories.this",
            "module.repo_group_github_flow.data.github_repository.this"
          ]
        }
      ]
    },
    {
      "mode": "managed",
      "type": "github_actions_variable",
      "name": "pr_approved_tag",
      "provider": "provider[\"registry.terraform.io/integrations/github\"]",
      "instances": [
        {
          "index_key": "pod-ca-injector",
          "schema_version": 0,
          "attributes": {
            "created_at": "2023-05-03 05:31:11 +0000 UTC",
            "id": "pod-ca-injector:pr_approved_tag",
            "repository": "pod-ca-injector",
            "updated_at": "2023-05-03 05:31:11 +0000 UTC",
            "value": "pr-approved",
            "variable_name": "pr_approved_tag"
          },
          "sensitive_attributes": [],
          "private": "bnVsbA==",
          "dependencies": [
            "module.repo_group_container_image.data.github_repositories.this",
            "module.repo_group_container_image.data.github_repository.this"
          ]
        },
        {
          "index_key": "pull-secrets-creator",
          "schema_version": 0,
          "attributes": {
            "created_at": "2023-05-03 05:31:14 +0000 UTC",
            "id": "pull-secrets-creator:pr_approved_tag",
            "repository": "pull-secrets-creator",
            "updated_at": "2023-05-03 05:31:14 +0000 UTC",
            "value": "pr-approved",
            "variable_name": "pr_approved_tag"
          },
          "sensitive_attributes": [],
          "private": "bnVsbA==",
          "dependencies": [
            "module.repo_group_container_image.data.github_repositories.this",
            "module.repo_group_container_image.data.github_repository.this"
          ]
        }
      ]
    },
    {
      "mode": "managed",
      "type": "github_actions_variable",
      "name": "python_version",
      "provider": "provider[\"registry.terraform.io/integrations/github\"]",
      "instances": [
        {
          "index_key": "container-images",
          "schema_version": 0,
          "attributes": {
            "created_at": "2023-05-03 05:34:42 +0000 UTC",
            "id": "container-images:python_version",
            "repository": "container-images",
            "updated_at": "2023-05-03 05:34:42 +0000 UTC",
            "value": "3.9.12",
            "variable_name": "python_version"
          },
          "sensitive_attributes": [],
          "private": "bnVsbA==",
          "dependencies": [
            "module.repo_group_github_flow.data.github_repositories.this",
            "module.repo_group_github_flow.data.github_repository.this"
          ]
        },
        {
          "index_key": "helm-charts",
          "schema_version": 0,
          "attributes": {
            "created_at": "2023-05-03 05:34:40 +0000 UTC",
            "id": "helm-charts:python_version",
            "repository": "helm-charts",
            "updated_at": "2023-05-03 05:34:40 +0000 UTC",
            "value": "3.9.12",
            "variable_name": "python_version"
          },
          "sensitive_attributes": [],
          "private": "bnVsbA==",
          "dependencies": [
            "module.repo_group_github_flow.data.github_repositories.this",
            "module.repo_group_github_flow.data.github_repository.this"
          ]
        },
        {
          "index_key": "pod-ca-injector",
          "schema_version": 0,
          "attributes": {
            "created_at": "2023-05-03 05:31:31 +0000 UTC",
            "id": "pod-ca-injector:python_version",
            "repository": "pod-ca-injector",
            "updated_at": "2023-05-03 05:31:31 +0000 UTC",
            "value": "3.9.12",
            "variable_name": "python_version"
          },
          "sensitive_attributes": [],
          "private": "bnVsbA==",
          "dependencies": [
            "module.repo_group_github_flow.data.github_repositories.this",
            "module.repo_group_github_flow.data.github_repository.this"
          ]
        },
        {
          "index_key": "pull-secrets-creator",
          "schema_version": 0,
          "attributes": {
            "created_at": "2023-05-03 05:31:12 +0000 UTC",
            "id": "pull-secrets-creator:python_version",
            "repository": "pull-secrets-creator",
            "updated_at": "2023-05-03 05:31:12 +0000 UTC",
            "value": "3.9.12",
            "variable_name": "python_version"
          },
          "sensitive_attributes": [],
          "private": "bnVsbA==",
          "dependencies": [
            "module.repo_group_github_flow.data.github_repositories.this",
            "module.repo_group_github_flow.data.github_repository.this"
          ]
        }
      ]
    },
    {
      "mode": "managed",
      "type": "github_actions_variable",
      "name": "rp_manifest_file",
      "provider": "provider[\"registry.terraform.io/integrations/github\"]",
      "instances": [
        {
          "index_key": "container-images",
          "schema_version": 0,
          "attributes": {
            "created_at": "2023-05-03 05:34:38 +0000 UTC",
            "id": "container-images:rp_manifest_file",
            "repository": "container-images",
            "updated_at": "2023-05-03 05:34:38 +0000 UTC",
            "value": ".release-please-manifest.json",
            "variable_name": "rp_manifest_file"
          },
          "sensitive_attributes": [],
          "private": "bnVsbA==",
          "dependencies": [
            "module.repo_group_github_flow.data.github_repositories.this",
            "module.repo_group_github_flow.data.github_repository.this"
          ]
        },
        {
          "index_key": "helm-charts",
          "schema_version": 0,
          "attributes": {
            "created_at": "2023-05-03 05:34:35 +0000 UTC",
            "id": "helm-charts:rp_manifest_file",
            "repository": "helm-charts",
            "updated_at": "2023-05-03 05:34:35 +0000 UTC",
            "value": ".release-please-manifest.json",
            "variable_name": "rp_manifest_file"
          },
          "sensitive_attributes": [],
          "private": "bnVsbA==",
          "dependencies": [
            "module.repo_group_github_flow.data.github_repositories.this",
            "module.repo_group_github_flow.data.github_repository.this"
          ]
        },
        {
          "index_key": "pod-ca-injector",
          "schema_version": 0,
          "attributes": {
            "created_at": "2023-05-03 05:31:33 +0000 UTC",
            "id": "pod-ca-injector:rp_manifest_file",
            "repository": "pod-ca-injector",
            "updated_at": "2023-05-03 05:31:33 +0000 UTC",
            "value": ".release-please-manifest.json",
            "variable_name": "rp_manifest_file"
          },
          "sensitive_attributes": [],
          "private": "bnVsbA==",
          "dependencies": [
            "module.repo_group_github_flow.data.github_repositories.this",
            "module.repo_group_github_flow.data.github_repository.this"
          ]
        },
        {
          "index_key": "pull-secrets-creator",
          "schema_version": 0,
          "attributes": {
            "created_at": "2023-05-03 05:31:18 +0000 UTC",
            "id": "pull-secrets-creator:rp_manifest_file",
            "repository": "pull-secrets-creator",
            "updated_at": "2023-05-03 05:31:18 +0000 UTC",
            "value": ".release-please-manifest.json",
            "variable_name": "rp_manifest_file"
          },
          "sensitive_attributes": [],
          "private": "bnVsbA==",
          "dependencies": [
            "module.repo_group_github_flow.data.github_repositories.this",
            "module.repo_group_github_flow.data.github_repository.this"
          ]
        }
      ]
    },
    {
      "module": "module.repo_group_container_image",
      "mode": "data",
      "type": "github_repositories",
      "name": "this",
      "provider": "provider[\"registry.terraform.io/integrations/github\"]",
      "instances": [
        {
          "index_key": "container-image github-flow",
          "schema_version": 0,
          "attributes": {
            "full_names": [
              "ptonini/pull-secrets-creator",
              "ptonini/pod-ca-injector"
            ],
            "id": "container-image github-flow in:topics org:ptonini archived:false ",
            "include_repo_id": false,
            "names": [
              "pull-secrets-creator",
              "pod-ca-injector"
            ],
            "query": "container-image github-flow in:topics org:ptonini archived:false ",
            "repo_ids": null,
            "results_per_page": 100,
            "sort": "updated"
          },
          "sensitive_attributes": []
        }
      ]
    },
    {
      "module": "module.repo_group_container_image",
      "mode": "data",
      "type": "github_repository",
      "name": "this",
      "provider": "provider[\"registry.terraform.io/integrations/github\"]",
      "instances": [
        {
          "index_key": "pod-ca-injector",
          "schema_version": 0,
          "attributes": {
            "allow_auto_merge": false,
            "allow_merge_commit": true,
            "allow_rebase_merge": true,
            "allow_squash_merge": true,
            "archived": false,
            "default_branch": "main",
            "description": "",
            "fork": false,
            "full_name": "ptonini/pod-ca-injector",
            "git_clone_url": "git://github.com/ptonini/pod-ca-injector.git",
            "has_discussions": false,
            "has_downloads": true,
            "has_issues": true,
            "has_projects": true,
            "has_wiki": true,
            "homepage_url": "",
            "html_url": "https://github.com/ptonini/pod-ca-injector",
            "http_clone_url": "https://github.com/ptonini/pod-ca-injector.git",
            "id": "pod-ca-injector",
            "is_template": false,
            "merge_commit_message": "PR_TITLE",
            "merge_commit_title": "MERGE_MESSAGE",
            "name": "pod-ca-injector",
            "node_id": "R_kgDOIP9gsw",
            "pages": [],
            "private": false,
            "repo_id": 553607347,
            "squash_merge_commit_message": "COMMIT_MESSAGES",
            "squash_merge_commit_title": "COMMIT_OR_PR_TITLE",
            "ssh_clone_url": "git@github.com:ptonini/pod-ca-injector.git",
            "svn_url": "https://github.com/ptonini/pod-ca-injector",
            "template": [],
            "topics": [
              "container-image",
              "github-flow"
            ],
            "visibility": "public"
          },
          "sensitive_attributes": []
        },
        {
          "index_key": "pull-secrets-creator",
          "schema_version": 0,
          "attributes": {
            "allow_auto_merge": false,
            "allow_merge_commit": true,
            "allow_rebase_merge": true,
            "allow_squash_merge": true,
            "archived": false,
            "default_branch": "main",
            "description": "",
            "fork": false,
            "full_name": "ptonini/pull-secrets-creator",
            "git_clone_url": "git://github.com/ptonini/pull-secrets-creator.git",
            "has_discussions": false,
            "has_downloads": true,
            "has_issues": true,
            "has_projects": true,
            "has_wiki": true,
            "homepage_url": "",
            "html_url": "https://github.com/ptonini/pull-secrets-creator",
            "http_clone_url": "https://github.com/ptonini/pull-secrets-creator.git",
            "id": "pull-secrets-creator",
            "is_template": false,
            "merge_commit_message": "PR_TITLE",
            "merge_commit_title": "MERGE_MESSAGE",
            "name": "pull-secrets-creator",
            "node_id": "R_kgDOIYP1lQ",
            "pages": [],
            "private": false,
            "repo_id": 562296213,
            "squash_merge_commit_message": "COMMIT_MESSAGES",
            "squash_merge_commit_title": "COMMIT_OR_PR_TITLE",
            "ssh_clone_url": "git@github.com:ptonini/pull-secrets-creator.git",
            "svn_url": "https://github.com/ptonini/pull-secrets-creator",
            "template": [],
            "topics": [
              "container-image",
              "github-flow"
            ],
            "visibility": "public"
          },
          "sensitive_attributes": []
        }
      ]
    },
    {
      "module": "module.repo_group_github_flow",
      "mode": "data",
      "type": "github_repositories",
      "name": "this",
      "provider": "provider[\"registry.terraform.io/integrations/github\"]",
      "instances": [
        {
          "index_key": "github-flow",
          "schema_version": 0,
          "attributes": {
            "full_names": [
              "ptonini/pull-secrets-creator",
              "ptonini/container-images",
              "ptonini/pod-ca-injector",
              "ptonini/helm-charts"
            ],
            "id": "github-flow in:topics org:ptonini archived:false ",
            "include_repo_id": false,
            "names": [
              "pull-secrets-creator",
              "container-images",
              "pod-ca-injector",
              "helm-charts"
            ],
            "query": "github-flow in:topics org:ptonini archived:false ",
            "repo_ids": null,
            "results_per_page": 100,
            "sort": "updated"
          },
          "sensitive_attributes": []
        }
      ]
    },
    {
      "module": "module.repo_group_github_flow",
      "mode": "data",
      "type": "github_repository",
      "name": "this",
      "provider": "provider[\"registry.terraform.io/integrations/github\"]",
      "instances": [
        {
          "index_key": "container-images",
          "schema_version": 0,
          "attributes": {
            "allow_auto_merge": false,
            "allow_merge_commit": true,
            "allow_rebase_merge": true,
            "allow_squash_merge": true,
            "archived": false,
            "default_branch": "main",
            "description": "",
            "fork": false,
            "full_name": "ptonini/container-images",
            "git_clone_url": "git://github.com/ptonini/container-images.git",
            "has_discussions": false,
            "has_downloads": true,
            "has_issues": true,
            "has_projects": true,
            "has_wiki": true,
            "homepage_url": "",
            "html_url": "https://github.com/ptonini/container-images",
            "http_clone_url": "https://github.com/ptonini/container-images.git",
            "id": "container-images",
            "is_template": false,
            "merge_commit_message": "PR_TITLE",
            "merge_commit_title": "MERGE_MESSAGE",
            "name": "container-images",
            "node_id": "R_kgDOIKJMNA",
            "pages": [],
            "private": false,
            "repo_id": 547507252,
            "squash_merge_commit_message": "COMMIT_MESSAGES",
            "squash_merge_commit_title": "COMMIT_OR_PR_TITLE",
            "ssh_clone_url": "git@github.com:ptonini/container-images.git",
            "svn_url": "https://github.com/ptonini/container-images",
            "template": [],
            "topics": [
              "container-images",
              "github-flow"
            ],
            "visibility": "public"
          },
          "sensitive_attributes": []
        },
        {
          "index_key": "helm-charts",
          "schema_version": 0,
          "attributes": {
            "allow_auto_merge": false,
            "allow_merge_commit": true,
            "allow_rebase_merge": true,
            "allow_squash_merge": true,
            "archived": false,
            "default_branch": "main",
            "description": "",
            "fork": false,
            "full_name": "ptonini/helm-charts",
            "git_clone_url": "git://github.com/ptonini/helm-charts.git",
            "has_discussions": false,
            "has_downloads": true,
            "has_issues": true,
            "has_projects": false,
            "has_wiki": false,
            "homepage_url": "",
            "html_url": "https://github.com/ptonini/helm-charts",
            "http_clone_url": "https://github.com/ptonini/helm-charts.git",
            "id": "helm-charts",
            "is_template": false,
            "merge_commit_message": "PR_TITLE",
            "merge_commit_title": "MERGE_MESSAGE",
            "name": "helm-charts",
            "node_id": "R_kgDOIH4_bA",
            "pages": [
              {
                "cname": "",
                "custom_404": false,
                "html_url": "https://ptonini.github.io/helm-charts/",
                "source": [
                  {
                    "branch": "gh-pages",
                    "path": "/"
                  }
                ],
                "status": "built",
                "url": "https://api.github.com/repos/ptonini/helm-charts/pages"
              }
            ],
            "private": false,
            "repo_id": 545144684,
            "squash_merge_commit_message": "COMMIT_MESSAGES",
            "squash_merge_commit_title": "COMMIT_OR_PR_TITLE",
            "ssh_clone_url": "git@github.com:ptonini/helm-charts.git",
            "svn_url": "https://github.com/ptonini/helm-charts",
            "template": [],
            "topics": [
              "github-flow",
              "helm-charts"
            ],
            "visibility": "public"
          },
          "sensitive_attributes": []
        },
        {
          "index_key": "pod-ca-injector",
          "schema_version": 0,
          "attributes": {
            "allow_auto_merge": false,
            "allow_merge_commit": true,
            "allow_rebase_merge": true,
            "allow_squash_merge": true,
            "archived": false,
            "default_branch": "main",
            "description": "",
            "fork": false,
            "full_name": "ptonini/pod-ca-injector",
            "git_clone_url": "git://github.com/ptonini/pod-ca-injector.git",
            "has_discussions": false,
            "has_downloads": true,
            "has_issues": true,
            "has_projects": true,
            "has_wiki": true,
            "homepage_url": "",
            "html_url": "https://github.com/ptonini/pod-ca-injector",
            "http_clone_url": "https://github.com/ptonini/pod-ca-injector.git",
            "id": "pod-ca-injector",
            "is_template": false,
            "merge_commit_message": "PR_TITLE",
            "merge_commit_title": "MERGE_MESSAGE",
            "name": "pod-ca-injector",
            "node_id": "R_kgDOIP9gsw",
            "pages": [],
            "private": false,
            "repo_id": 553607347,
            "squash_merge_commit_message": "COMMIT_MESSAGES",
            "squash_merge_commit_title": "COMMIT_OR_PR_TITLE",
            "ssh_clone_url": "git@github.com:ptonini/pod-ca-injector.git",
            "svn_url": "https://github.com/ptonini/pod-ca-injector",
            "template": [],
            "topics": [
              "container-image",
              "github-flow"
            ],
            "visibility": "public"
          },
          "sensitive_attributes": []
        },
        {
          "index_key": "pull-secrets-creator",
          "schema_version": 0,
          "attributes": {
            "allow_auto_merge": false,
            "allow_merge_commit": true,
            "allow_rebase_merge": true,
            "allow_squash_merge": true,
            "archived": false,
            "default_branch": "main",
            "description": "",
            "fork": false,
            "full_name": "ptonini/pull-secrets-creator",
            "git_clone_url": "git://github.com/ptonini/pull-secrets-creator.git",
            "has_discussions": false,
            "has_downloads": true,
            "has_issues": true,
            "has_projects": true,
            "has_wiki": true,
            "homepage_url": "",
            "html_url": "https://github.com/ptonini/pull-secrets-creator",
            "http_clone_url": "https://github.com/ptonini/pull-secrets-creator.git",
            "id": "pull-secrets-creator",
            "is_template": false,
            "merge_commit_message": "PR_TITLE",
            "merge_commit_title": "MERGE_MESSAGE",
            "name": "pull-secrets-creator",
            "node_id": "R_kgDOIYP1lQ",
            "pages": [],
            "private": false,
            "repo_id": 562296213,
            "squash_merge_commit_message": "COMMIT_MESSAGES",
            "squash_merge_commit_title": "COMMIT_OR_PR_TITLE",
            "ssh_clone_url": "git@github.com:ptonini/pull-secrets-creator.git",
            "svn_url": "https://github.com/ptonini/pull-secrets-creator",
            "template": [],
            "topics": [
              "container-image",
              "github-flow"
            ],
            "visibility": "public"
          },
          "sensitive_attributes": []
        }
      ]
    },
    {
      "module": "module.workflow_publish_container_image[\"pod-ca-injector\"]",
      "mode": "managed",
      "type": "github_repository_file",
      "name": "this",
      "provider": "provider[\"registry.terraform.io/integrations/github\"]",
      "instances": [
        {
          "schema_version": 0,
          "attributes": {
            "branch": "main",
            "commit_author": "terraform",
            "commit_email": "terraform@users.noreply.github.com",
            "commit_message": "chore: .github/workflows/publish.yml created/modified by terraform [skip ci]",
            "commit_sha": "da8065038d50f59eaf4ac69ef51351d83b572bca",
            "content": "name: publish\n\non:\n  push:\n    branches:\n      - master\n      - main\n      - legacy/*\n  pull_request:\n    types:\n      - opened\n      - synchronize\n      - closed\n    branches:\n      - master\n      - main\n      - legacy/*\n\njobs:\n  \n  code_testing:\n    uses: ptonini/gha-workflows/.github/workflows/code-testing.yaml@main\n    if: github.event.action != 'closed' \u0026\u0026 github.event.head_commit.author.name != 'github-actions[bot]' \u0026\u0026 vars.skip_testing != 'true'\n    secrets:\n      SONAR_TOKEN: ${{ secrets.SONAR_TOKEN }}\n  code_linting:\n    uses: ptonini/gha-workflows/.github/workflows/code-linting.yaml@main\n    if: github.event_name == 'pull_request' \u0026\u0026 contains('opened synchronize', github.event.action) \u0026\u0026 vars.skip_linting != 'true'\n  security_scan:\n    uses: ptonini/gha-workflows/.github/workflows/trufflehog.yaml@main\n    if: github.event_name == 'pull_request' \u0026\u0026 contains('opened synchronize', github.event.action)\n  release_please:\n    uses: ptonini/gha-workflows/.github/workflows/release-please.yaml@main\n    if: github.event_name == 'push'\n  \n  build_image:\n    uses: ptonini/gha-workflows/.github/workflows/publish-docker-image.yaml@main\n    if: github.event_name == 'pull_request' \u0026\u0026 contains('opened synchronize', github.event.action)\n    with:\n      tags: ${{ format('latest pr{0} pr{0}-{1}', github.event.number, github.run_number) }}\n  \n  approve_image:\n    uses: ptonini/gha-workflows/.github/workflows/approve-image.yaml@main\n    if: github.event.pull_request.merged\n\n  promote_image:\n    uses: ptonini/gha-workflows/.github/workflows/promote-image.yaml@main\n    if: github.event_name == 'push' \u0026\u0026 contains(github.event.commits.*.author.name, 'github-actions[bot]')",
            "file": ".github/workflows/publish.yml",
            "id": "pod-ca-injector/.github/workflows/publish.yml",
            "overwrite_on_create": true,
            "ref": "main",
            "repository": "pod-ca-injector",
            "sha": "a563ed93048fc3a402e4d55b65142ce8b291cc67"
          },
          "sensitive_attributes": [],
          "private": "bnVsbA==",
          "dependencies": [
            "module.repo_group_container_image.data.github_repositories.this",
            "module.repo_group_container_image.data.github_repository.this"
          ]
        }
      ]
    },
    {
      "module": "module.workflow_publish_container_image[\"pull-secrets-creator\"]",
      "mode": "managed",
      "type": "github_repository_file",
      "name": "this",
      "provider": "provider[\"registry.terraform.io/integrations/github\"]",
      "instances": [
        {
          "schema_version": 0,
          "attributes": {
            "branch": "main",
            "commit_author": "terraform",
            "commit_email": "terraform@users.noreply.github.com",
            "commit_message": "chore: .github/workflows/publish.yml created/modified by terraform [skip ci]",
            "commit_sha": "933735ab0489936df4fddc24d460dc5323fb3b4d",
            "content": "name: publish\n\non:\n  push:\n    branches:\n      - master\n      - main\n      - legacy/*\n  pull_request:\n    types:\n      - opened\n      - synchronize\n      - closed\n    branches:\n      - master\n      - main\n      - legacy/*\n\njobs:\n  \n  code_testing:\n    uses: ptonini/gha-workflows/.github/workflows/code-testing.yaml@main\n    if: github.event.action != 'closed' \u0026\u0026 github.event.head_commit.author.name != 'github-actions[bot]' \u0026\u0026 vars.skip_testing != 'true'\n    secrets:\n      SONAR_TOKEN: ${{ secrets.SONAR_TOKEN }}\n  code_linting:\n    uses: ptonini/gha-workflows/.github/workflows/code-linting.yaml@main\n    if: github.event_name == 'pull_request' \u0026\u0026 contains('opened synchronize', github.event.action) \u0026\u0026 vars.skip_linting != 'true'\n  security_scan:\n    uses: ptonini/gha-workflows/.github/workflows/trufflehog.yaml@main\n    if: github.event_name == 'pull_request' \u0026\u0026 contains('opened synchronize', github.event.action)\n  release_please:\n    uses: ptonini/gha-workflows/.github/workflows/release-please.yaml@main\n    if: github.event_name == 'push'\n  \n  build_image:\n    uses: ptonini/gha-workflows/.github/workflows/publish-docker-image.yaml@main\n    if: github.event_name == 'pull_request' \u0026\u0026 contains('opened synchronize', github.event.action)\n    with:\n      tags: ${{ format('latest pr{0} pr{0}-{1}', github.event.number, github.run_number) }}\n  \n  approve_image:\n    uses: ptonini/gha-workflows/.github/workflows/approve-image.yaml@main\n    if: github.event.pull_request.merged\n\n  promote_image:\n    uses: ptonini/gha-workflows/.github/workflows/promote-image.yaml@main\n    if: github.event_name == 'push' \u0026\u0026 contains(github.event.commits.*.author.name, 'github-actions[bot]')",
            "file": ".github/workflows/publish.yml",
            "id": "pull-secrets-creator/.github/workflows/publish.yml",
            "overwrite_on_create": true,
            "ref": "main",
            "repository": "pull-secrets-creator",
            "sha": "a563ed93048fc3a402e4d55b65142ce8b291cc67"
          },
          "sensitive_attributes": [],
          "private": "bnVsbA==",
          "dependencies": [
            "module.repo_group_container_image.data.github_repositories.this",
            "module.repo_group_container_image.data.github_repository.this"
          ]
        }
      ]
    },
    {
      "module": "module.workflow_publish_container_images",
      "mode": "managed",
      "type": "github_repository_file",
      "name": "this",
      "provider": "provider[\"registry.terraform.io/integrations/github\"]",
      "instances": [
        {
          "schema_version": 0,
          "attributes": {
            "branch": "main",
            "commit_author": "terraform",
            "commit_email": "terraform@users.noreply.github.com",
            "commit_message": "chore: .github/workflows/publish.yml created/modified by terraform [skip ci]",
            "commit_sha": "a97edf47674e3b26c74a9917bf2a12445e5ddc32",
            "content": "name: publish\n\non:\n  push:\n    branches:\n      - main\n    paths:\n      - '*/*'\n\njobs:\n  release_please:\n    uses: ptonini/gha-workflows/.github/workflows/release-please.yaml@main\n    if: github.event_name == 'push'\n  publish_images:\n    uses: ptonini/gha-workflows/.github/workflows/publish-docker-monorepo-image.yaml@main\n    if: needs.release_please.outputs.paths_released != '[]'\n    needs:\n      - release_please\n    strategy:\n      matrix:\n        path: ${{ fromJSON(needs.release_please.outputs.paths_released) }}\n    with:\n      path: ${{ matrix.path }}",
            "file": ".github/workflows/publish.yml",
            "id": "container-images/.github/workflows/publish.yml",
            "overwrite_on_create": true,
            "ref": "main",
            "repository": "container-images",
            "sha": "76029f76e5dba8bb8d1471190b52a50612172904"
          },
          "sensitive_attributes": [],
          "private": "bnVsbA=="
        }
      ]
    },
    {
      "module": "module.workflow_publish_helm_charts",
      "mode": "managed",
      "type": "github_repository_file",
      "name": "this",
      "provider": "provider[\"registry.terraform.io/integrations/github\"]",
      "instances": [
        {
          "schema_version": 0,
          "attributes": {
            "branch": "main",
            "commit_author": "terraform",
            "commit_email": "terraform@users.noreply.github.com",
            "commit_message": "chore: .github/workflows/publish.yml created/modified by terraform [skip ci]",
            "commit_sha": "e7109ca5487fe914f7bc5304dff013ce0dec0bf6",
            "content": "name: publish\n\non:\n  push:\n    branches:\n      - main\n    paths:\n      - charts/**\n\njobs:\n  detect_changes:\n    uses: ptonini/gha-workflows/.github/workflows/detect-changes.yaml@main\n    if: github.event_name == 'pull_request'\n\n  release_please:\n    uses: ptonini/gha-workflows/.github/workflows/release-please.yaml@main\n    if: github.event_name == 'push'\n  publish_charts:\n    uses: ptonini/gha-workflows/.github/workflows/publish-helm-charts.yaml@main\n    if: needs.release_please.outputs.paths_released != '[]'\n    needs:\n      - release_please\n    strategy:\n      matrix:\n        path: ${{ fromJSON(needs.release_please.outputs.paths_released) }}\n    with:\n      path: ${{ matrix.path }}\n  update_repository:\n    uses: ptonini/gha-workflows/.github/workflows/update-charts-repository.yaml@main\n    needs:\n      - publish_charts",
            "file": ".github/workflows/publish.yml",
            "id": "helm-charts/.github/workflows/publish.yml",
            "overwrite_on_create": true,
            "ref": "main",
            "repository": "helm-charts",
            "sha": "a104d41113b77edbc2da1565bbeb2937e655efb8"
          },
          "sensitive_attributes": [],
          "private": "bnVsbA=="
        }
      ]
    },
    {
      "module": "module.workflow_publish_luarocks",
      "mode": "managed",
      "type": "github_repository_file",
      "name": "this",
      "provider": "provider[\"registry.terraform.io/integrations/github\"]",
      "instances": [
        {
          "schema_version": 0,
          "attributes": {
            "branch": "main",
            "commit_author": "terraform",
            "commit_email": "terraform@users.noreply.github.com",
            "commit_message": "chore: .github/workflows/publish.yml created/modified by terraform [skip ci]",
            "commit_sha": "4e15aa1560646e9e3de842f4b30eba8206032b24",
            "content": "name: publish\n\non:\n  push:\n    branches:\n      - main\n      - master\n    paths:\n      - rocks/**\n\njobs:\n  release_please:\n    uses: ptonini/gha-workflows/.github/workflows/release-please.yaml@main\n    if: github.event_name == 'push'\n\n  detect_changes:\n    uses: ptonini/gha-workflows/.github/workflows/paths-filter.yaml@main\n\n  publish_rocks:\n    if: github.event_name == 'push' \u0026\u0026 contains(github.event.commits.*.author.name, 'github-actions[bot]') \u0026\u0026 needs.detect_changes.outputs.changes != '[]'\n    needs:\n      - detect_changes\n    strategy:\n      matrix:\n        path: ${{ fromJSON(needs.detect_changes.outputs.changes) }}\n    with:\n      path: ${{ matrix.path }}\n  update_repository:\n    uses: ptonini/gha-workflows/.github/workflows/update-rocks-repository.yaml@main\n    needs:\n      - publish_rocks",
            "file": ".github/workflows/publish.yml",
            "id": "luarocks/.github/workflows/publish.yml",
            "overwrite_on_create": true,
            "ref": "main",
            "repository": "luarocks",
            "sha": "a98158521882d87a4924382b6f9822635419ed43"
          },
          "sensitive_attributes": [],
          "private": "bnVsbA=="
        }
      ]
    }
  ],
  "check_results": null
}
